{
  "name": "shop-backend",
  "version": "1.0.0",
  "lockfileVersion": 1,
  "requires": true,
  "dependencies": {
    "@middy/http-cors": {
      "version": "4.2.3",
      "resolved": "https://registry.npmjs.org/@middy/http-cors/-/http-cors-4.2.3.tgz",
      "integrity": "sha512-kdcTRxQ44wE9mgabVfIWA+6FjSlAF61Hpd9XevBzVqv2l3BiJT57HL/Rbn2Isa31GOUeuaW8nBPZedKqfTJJzQ==",
      "requires": {
        "@middy/util": "4.2.3"
      }
    },
    "@middy/util": {
      "version": "4.2.3",
      "resolved": "https://registry.npmjs.org/@middy/util/-/util-4.2.3.tgz",
      "integrity": "sha512-e8ohacFXjv2GeZCBpj8Iz6dl2VbJNsEHgA8GFNikse7KFJh4F8BiyLe72o56d4q3suVBRAKVBBQ65cY98gsaJA=="
    }
  }
}
